
Microsoft Visual Studio Solution File, Format Version 12.00
# Visual Studio 15
VisualStudioVersion = 15.0.26730.8
MinimumVisualStudioVersion = 10.0.40219.1
Project("{FAE04EC0-301F-11D3-BF4B-00C04F79EFBC}") = "ResizePictureZipper", "ResizePictureZipper\ResizePictureZipper.csproj", "{C42A7AC7-1154-4F1D-815F-9909354560B5}"
EndProject
Global
	GlobalSection(SolutionConfigurationPlatforms) = preSolution
		Debug|Any CPU = Debug|Any CPU
		Release|Any CPU = Release|Any CPU
	EndGlobalSection
	GlobalSection(ProjectConfigurationPlatforms) = postSolution
		{C42A7AC7-1154-4F1D-815F-9909354560B5}.Debug|Any CPU.ActiveCfg = Debug|Any CPU
		{C42A7AC7-1154-4F1D-815F-9909354560B5}.Debug|Any CPU.Build.0 = Debug|Any CPU
		{C42A7AC7-1154-4F1D-815F-9909354560B5}.Release|Any CPU.ActiveCfg = Release|Any CPU
		{C42A7AC7-1154-4F1D-815F-9909354560B5}.Release|Any CPU.Build.0 = Release|Any CPU
	EndGlobalSection
	GlobalSection(SolutionProperties) = preSolution
		HideSolutionNode = FALSE
	EndGlobalSection
	GlobalSection(ExtensibilityGlobals) = postSolution
		SolutionGuid = {9433B78D-F334-4C44-AC09-E42977DB7B09}
	EndGlobalSection
EndGlobal
